
Microsoft Visual Studio Solution File, Format Version 12.00
# Visual Studio Version 17
VisualStudioVersion = 17.0.31903.59
MinimumVisualStudioVersion = 10.0.40219.1
Project("{2150E333-8FDC-42A3-9474-1A3956D46DE8}") = "src", "src", "{827E0CD3-B72D-47B6-A68D-7590B98EB39B}"
EndProject
Project("{FAE04EC0-301F-11D3-BF4B-00C04F79EFBC}") = "SmartOpsHub.Api", "src\SmartOpsHub.Api\SmartOpsHub.Api.csproj", "{3BDD8B87-8429-44FC-ACE0-F79322A65CF1}"
EndProject
Project("{FAE04EC0-301F-11D3-BF4B-00C04F79EFBC}") = "SmartOpsHub.Core", "src\SmartOpsHub.Core\SmartOpsHub.Core.csproj", "{7B7BAC7A-AB66-4C6B-B46B-5B291388279A}"
EndProject
Project("{FAE04EC0-301F-11D3-BF4B-00C04F79EFBC}") = "SmartOpsHub.Infrastructure", "src\SmartOpsHub.Infrastructure\SmartOpsHub.Infrastructure.csproj", "{C8FB905E-1D9D-40F3-82BD-16641A9134B5}"
EndProject
Project("{2150E333-8FDC-42A3-9474-1A3956D46DE8}") = "SmartOpsHub.Mcp", "SmartOpsHub.Mcp", "{D0E7ED00-D329-A4D4-85FE-857AC591F3D9}"
EndProject
Project("{FAE04EC0-301F-11D3-BF4B-00C04F79EFBC}") = "SmartOpsHub.Mcp.Ado", "src\SmartOpsHub.Mcp\SmartOpsHub.Mcp.Ado\SmartOpsHub.Mcp.Ado.csproj", "{39B03C23-7059-434C-8193-9FDAC5D5A5FE}"
EndProject
Project("{FAE04EC0-301F-11D3-BF4B-00C04F79EFBC}") = "SmartOpsHub.Mcp.AI", "src\SmartOpsHub.Mcp\SmartOpsHub.Mcp.AI\SmartOpsHub.Mcp.AI.csproj", "{580EFC0A-2146-493D-84F1-504CE41FC6EB}"
EndProject
Project("{FAE04EC0-301F-11D3-BF4B-00C04F79EFBC}") = "SmartOpsHub.Mcp.Azure", "src\SmartOpsHub.Mcp\SmartOpsHub.Mcp.Azure\SmartOpsHub.Mcp.Azure.csproj", "{09624AA0-3922-40FD-9A7B-903FB47C8526}"
EndProject
Project("{FAE04EC0-301F-11D3-BF4B-00C04F79EFBC}") = "SmartOpsHub.Mcp.DevOps", "src\SmartOpsHub.Mcp\SmartOpsHub.Mcp.DevOps\SmartOpsHub.Mcp.DevOps.csproj", "{316DD5E7-64B2-47A0-BA86-B282F19FDE01}"
EndProject
Project("{FAE04EC0-301F-11D3-BF4B-00C04F79EFBC}") = "SmartOpsHub.Mcp.DotNet", "src\SmartOpsHub.Mcp\SmartOpsHub.Mcp.DotNet\SmartOpsHub.Mcp.DotNet.csproj", "{E48E47C0-CEED-4ABB-BFAE-1953DEEE0C04}"
EndProject
Project("{FAE04EC0-301F-11D3-BF4B-00C04F79EFBC}") = "SmartOpsHub.Mcp.Gateway", "src\SmartOpsHub.Mcp\SmartOpsHub.Mcp.Gateway\SmartOpsHub.Mcp.Gateway.csproj", "{5C6D28FA-0D8D-4219-9309-531576F69496}"
EndProject
Project("{FAE04EC0-301F-11D3-BF4B-00C04F79EFBC}") = "SmartOpsHub.Mcp.GitHub", "src\SmartOpsHub.Mcp\SmartOpsHub.Mcp.GitHub\SmartOpsHub.Mcp.GitHub.csproj", "{43F220C0-F61B-49E9-8066-937D5C9A5059}"
EndProject
Project("{FAE04EC0-301F-11D3-BF4B-00C04F79EFBC}") = "SmartOpsHub.Mcp.Personal", "src\SmartOpsHub.Mcp\SmartOpsHub.Mcp.Personal\SmartOpsHub.Mcp.Personal.csproj", "{086AB774-4690-4381-B206-09C98B126DF2}"
EndProject
Project("{FAE04EC0-301F-11D3-BF4B-00C04F79EFBC}") = "SmartOpsHub.Web", "src\SmartOpsHub.Web\SmartOpsHub.Web.csproj", "{171F14B5-6E90-4C95-AC0A-C46BC8595B14}"
EndProject
Project("{2150E333-8FDC-42A3-9474-1A3956D46DE8}") = "tests", "tests", "{0AB3BF05-4346-4AA6-1389-037BE0695223}"
EndProject
Project("{FAE04EC0-301F-11D3-BF4B-00C04F79EFBC}") = "SmartOpsHub.Api.Tests", "tests\SmartOpsHub.Api.Tests\SmartOpsHub.Api.Tests.csproj", "{6EBA7EAD-1780-41C8-8253-1F7358A3D0F2}"
EndProject
Project("{FAE04EC0-301F-11D3-BF4B-00C04F79EFBC}") = "SmartOpsHub.Core.Tests", "tests\SmartOpsHub.Core.Tests\SmartOpsHub.Core.Tests.csproj", "{107541D9-9D75-4CE9-B373-441DFD094F7C}"
EndProject
Project("{FAE04EC0-301F-11D3-BF4B-00C04F79EFBC}") = "SmartOpsHub.E2E.Tests", "tests\SmartOpsHub.E2E.Tests\SmartOpsHub.E2E.Tests.csproj", "{1C642FCD-09F3-43FE-96AD-37FA0EA81B6F}"
EndProject
Project("{FAE04EC0-301F-11D3-BF4B-00C04F79EFBC}") = "SmartOpsHub.Mcp.Tests", "tests\SmartOpsHub.Mcp.Tests\SmartOpsHub.Mcp.Tests.csproj", "{D1DEC0E4-CDCC-4DD5-AFF5-45D2F90EF6CE}"
EndProject
Project("{FAE04EC0-301F-11D3-BF4B-00C04F79EFBC}") = "SmartOpsHub.Web.Tests", "tests\SmartOpsHub.Web.Tests\SmartOpsHub.Web.Tests.csproj", "{8C22D7CF-EACC-4F06-9663-74087F55E20D}"
EndProject
Global
	GlobalSection(SolutionConfigurationPlatforms) = preSolution
		Debug|Any CPU = Debug|Any CPU
		Debug|x64 = Debug|x64
		Debug|x86 = Debug|x86
		Release|Any CPU = Release|Any CPU
		Release|x64 = Release|x64
		Release|x86 = Release|x86
	EndGlobalSection
	GlobalSection(ProjectConfigurationPlatforms) = postSolution
		{3BDD8B87-8429-44FC-ACE0-F79322A65CF1}.Debug|Any CPU.ActiveCfg = Debug|Any CPU
		{3BDD8B87-8429-44FC-ACE0-F79322A65CF1}.Debug|Any CPU.Build.0 = Debug|Any CPU
		{3BDD8B87-8429-44FC-ACE0-F79322A65CF1}.Debug|x64.ActiveCfg = Debug|Any CPU
		{3BDD8B87-8429-44FC-ACE0-F79322A65CF1}.Debug|x64.Build.0 = Debug|Any CPU
		{3BDD8B87-8429-44FC-ACE0-F79322A65CF1}.Debug|x86.ActiveCfg = Debug|Any CPU
		{3BDD8B87-8429-44FC-ACE0-F79322A65CF1}.Debug|x86.Build.0 = Debug|Any CPU
		{3BDD8B87-8429-44FC-ACE0-F79322A65CF1}.Release|Any CPU.ActiveCfg = Release|Any CPU
		{3BDD8B87-8429-44FC-ACE0-F79322A65CF1}.Release|Any CPU.Build.0 = Release|Any CPU
		{3BDD8B87-8429-44FC-ACE0-F79322A65CF1}.Release|x64.ActiveCfg = Release|Any CPU
		{3BDD8B87-8429-44FC-ACE0-F79322A65CF1}.Release|x64.Build.0 = Release|Any CPU
		{3BDD8B87-8429-44FC-ACE0-F79322A65CF1}.Release|x86.ActiveCfg = Release|Any CPU
		{3BDD8B87-8429-44FC-ACE0-F79322A65CF1}.Release|x86.Build.0 = Release|Any CPU
		{7B7BAC7A-AB66-4C6B-B46B-5B291388279A}.Debug|Any CPU.ActiveCfg = Debug|Any CPU
		{7B7BAC7A-AB66-4C6B-B46B-5B291388279A}.Debug|Any CPU.Build.0 = Debug|Any CPU
		{7B7BAC7A-AB66-4C6B-B46B-5B291388279A}.Debug|x64.ActiveCfg = Debug|Any CPU
		{7B7BAC7A-AB66-4C6B-B46B-5B291388279A}.Debug|x64.Build.0 = Debug|Any CPU
		{7B7BAC7A-AB66-4C6B-B46B-5B291388279A}.Debug|x86.ActiveCfg = Debug|Any CPU
		{7B7BAC7A-AB66-4C6B-B46B-5B291388279A}.Debug|x86.Build.0 = Debug|Any CPU
		{7B7BAC7A-AB66-4C6B-B46B-5B291388279A}.Release|Any CPU.ActiveCfg = Release|Any CPU
		{7B7BAC7A-AB66-4C6B-B46B-5B291388279A}.Release|Any CPU.Build.0 = Release|Any CPU
		{7B7BAC7A-AB66-4C6B-B46B-5B291388279A}.Release|x64.ActiveCfg = Release|Any CPU
		{7B7BAC7A-AB66-4C6B-B46B-5B291388279A}.Release|x64.Build.0 = Release|Any CPU
		{7B7BAC7A-AB66-4C6B-B46B-5B291388279A}.Release|x86.ActiveCfg = Release|Any CPU
		{7B7BAC7A-AB66-4C6B-B46B-5B291388279A}.Release|x86.Build.0 = Release|Any CPU
		{C8FB905E-1D9D-40F3-82BD-16641A9134B5}.Debug|Any CPU.ActiveCfg = Debug|Any CPU
		{C8FB905E-1D9D-40F3-82BD-16641A9134B5}.Debug|Any CPU.Build.0 = Debug|Any CPU
		{C8FB905E-1D9D-40F3-82BD-16641A9134B5}.Debug|x64.ActiveCfg = Debug|Any CPU
		{C8FB905E-1D9D-40F3-82BD-16641A9134B5}.Debug|x64.Build.0 = Debug|Any CPU
		{C8FB905E-1D9D-40F3-82BD-16641A9134B5}.Debug|x86.ActiveCfg = Debug|Any CPU
		{C8FB905E-1D9D-40F3-82BD-16641A9134B5}.Debug|x86.Build.0 = Debug|Any CPU
		{C8FB905E-1D9D-40F3-82BD-16641A9134B5}.Release|Any CPU.ActiveCfg = Release|Any CPU
		{C8FB905E-1D9D-40F3-82BD-16641A9134B5}.Release|Any CPU.Build.0 = Release|Any CPU
		{C8FB905E-1D9D-40F3-82BD-16641A9134B5}.Release|x64.ActiveCfg = Release|Any CPU
		{C8FB905E-1D9D-40F3-82BD-16641A9134B5}.Release|x64.Build.0 = Release|Any CPU
		{C8FB905E-1D9D-40F3-82BD-16641A9134B5}.Release|x86.ActiveCfg = Release|Any CPU
		{C8FB905E-1D9D-40F3-82BD-16641A9134B5}.Release|x86.Build.0 = Release|Any CPU
		{39B03C23-7059-434C-8193-9FDAC5D5A5FE}.Debug|Any CPU.ActiveCfg = Debug|Any CPU
		{39B03C23-7059-434C-8193-9FDAC5D5A5FE}.Debug|Any CPU.Build.0 = Debug|Any CPU
		{39B03C23-7059-434C-8193-9FDAC5D5A5FE}.Debug|x64.ActiveCfg = Debug|Any CPU
		{39B03C23-7059-434C-8193-9FDAC5D5A5FE}.Debug|x64.Build.0 = Debug|Any CPU
		{39B03C23-7059-434C-8193-9FDAC5D5A5FE}.Debug|x86.ActiveCfg = Debug|Any CPU
		{39B03C23-7059-434C-8193-9FDAC5D5A5FE}.Debug|x86.Build.0 = Debug|Any CPU
		{39B03C23-7059-434C-8193-9FDAC5D5A5FE}.Release|Any CPU.ActiveCfg = Release|Any CPU
		{39B03C23-7059-434C-8193-9FDAC5D5A5FE}.Release|Any CPU.Build.0 = Release|Any CPU
		{39B03C23-7059-434C-8193-9FDAC5D5A5FE}.Release|x64.ActiveCfg = Release|Any CPU
		{39B03C23-7059-434C-8193-9FDAC5D5A5FE}.Release|x64.Build.0 = Release|Any CPU
		{39B03C23-7059-434C-8193-9FDAC5D5A5FE}.Release|x86.ActiveCfg = Release|Any CPU
		{39B03C23-7059-434C-8193-9FDAC5D5A5FE}.Release|x86.Build.0 = Release|Any CPU
		{580EFC0A-2146-493D-84F1-504CE41FC6EB}.Debug|Any CPU.ActiveCfg = Debug|Any CPU
		{580EFC0A-2146-493D-84F1-504CE41FC6EB}.Debug|Any CPU.Build.0 = Debug|Any CPU
		{580EFC0A-2146-493D-84F1-504CE41FC6EB}.Debug|x64.ActiveCfg = Debug|Any CPU
		{580EFC0A-2146-493D-84F1-504CE41FC6EB}.Debug|x64.Build.0 = Debug|Any CPU
		{580EFC0A-2146-493D-84F1-504CE41FC6EB}.Debug|x86.ActiveCfg = Debug|Any CPU
		{580EFC0A-2146-493D-84F1-504CE41FC6EB}.Debug|x86.Build.0 = Debug|Any CPU
		{580EFC0A-2146-493D-84F1-504CE41FC6EB}.Release|Any CPU.ActiveCfg = Release|Any CPU
		{580EFC0A-2146-493D-84F1-504CE41FC6EB}.Release|Any CPU.Build.0 = Release|Any CPU
		{580EFC0A-2146-493D-84F1-504CE41FC6EB}.Release|x64.ActiveCfg = Release|Any CPU
		{580EFC0A-2146-493D-84F1-504CE41FC6EB}.Release|x64.Build.0 = Release|Any CPU
		{580EFC0A-2146-493D-84F1-504CE41FC6EB}.Release|x86.ActiveCfg = Release|Any CPU
		{580EFC0A-2146-493D-84F1-504CE41FC6EB}.Release|x86.Build.0 = Release|Any CPU
		{09624AA0-3922-40FD-9A7B-903FB47C8526}.Debug|Any CPU.ActiveCfg = Debug|Any CPU
		{09624AA0-3922-40FD-9A7B-903FB47C8526}.Debug|Any CPU.Build.0 = Debug|Any CPU
		{09624AA0-3922-40FD-9A7B-903FB47C8526}.Debug|x64.ActiveCfg = Debug|Any CPU
		{09624AA0-3922-40FD-9A7B-903FB47C8526}.Debug|x64.Build.0 = Debug|Any CPU
		{09624AA0-3922-40FD-9A7B-903FB47C8526}.Debug|x86.ActiveCfg = Debug|Any CPU
		{09624AA0-3922-40FD-9A7B-903FB47C8526}.Debug|x86.Build.0 = Debug|Any CPU
		{09624AA0-3922-40FD-9A7B-903FB47C8526}.Release|Any CPU.ActiveCfg = Release|Any CPU
		{09624AA0-3922-40FD-9A7B-903FB47C8526}.Release|Any CPU.Build.0 = Release|Any CPU
		{09624AA0-3922-40FD-9A7B-903FB47C8526}.Release|x64.ActiveCfg = Release|Any CPU
		{09624AA0-3922-40FD-9A7B-903FB47C8526}.Release|x64.Build.0 = Release|Any CPU
		{09624AA0-3922-40FD-9A7B-903FB47C8526}.Release|x86.ActiveCfg = Release|Any CPU
		{09624AA0-3922-40FD-9A7B-903FB47C8526}.Release|x86.Build.0 = Release|Any CPU
		{316DD5E7-64B2-47A0-BA86-B282F19FDE01}.Debug|Any CPU.ActiveCfg = Debug|Any CPU
		{316DD5E7-64B2-47A0-BA86-B282F19FDE01}.Debug|Any CPU.Build.0 = Debug|Any CPU
		{316DD5E7-64B2-47A0-BA86-B282F19FDE01}.Debug|x64.ActiveCfg = Debug|Any CPU
		{316DD5E7-64B2-47A0-BA86-B282F19FDE01}.Debug|x64.Build.0 = Debug|Any CPU
		{316DD5E7-64B2-47A0-BA86-B282F19FDE01}.Debug|x86.ActiveCfg = Debug|Any CPU
		{316DD5E7-64B2-47A0-BA86-B282F19FDE01}.Debug|x86.Build.0 = Debug|Any CPU
		{316DD5E7-64B2-47A0-BA86-B282F19FDE01}.Release|Any CPU.ActiveCfg = Release|Any CPU
		{316DD5E7-64B2-47A0-BA86-B282F19FDE01}.Release|Any CPU.Build.0 = Release|Any CPU
		{316DD5E7-64B2-47A0-BA86-B282F19FDE01}.Release|x64.ActiveCfg = Release|Any CPU
		{316DD5E7-64B2-47A0-BA86-B282F19FDE01}.Release|x64.Build.0 = Release|Any CPU
		{316DD5E7-64B2-47A0-BA86-B282F19FDE01}.Release|x86.ActiveCfg = Release|Any CPU
		{316DD5E7-64B2-47A0-BA86-B282F19FDE01}.Release|x86.Build.0 = Release|Any CPU
		{E48E47C0-CEED-4ABB-BFAE-1953DEEE0C04}.Debug|Any CPU.ActiveCfg = Debug|Any CPU
		{E48E47C0-CEED-4ABB-BFAE-1953DEEE0C04}.Debug|Any CPU.Build.0 = Debug|Any CPU
		{E48E47C0-CEED-4ABB-BFAE-1953DEEE0C04}.Debug|x64.ActiveCfg = Debug|Any CPU
		{E48E47C0-CEED-4ABB-BFAE-1953DEEE0C04}.Debug|x64.Build.0 = Debug|Any CPU
		{E48E47C0-CEED-4ABB-BFAE-1953DEEE0C04}.Debug|x86.ActiveCfg = Debug|Any CPU
		{E48E47C0-CEED-4ABB-BFAE-1953DEEE0C04}.Debug|x86.Build.0 = Debug|Any CPU
		{E48E47C0-CEED-4ABB-BFAE-1953DEEE0C04}.Release|Any CPU.ActiveCfg = Release|Any CPU
		{E48E47C0-CEED-4ABB-BFAE-1953DEEE0C04}.Release|Any CPU.Build.0 = Release|Any CPU
		{E48E47C0-CEED-4ABB-BFAE-1953DEEE0C04}.Release|x64.ActiveCfg = Release|Any CPU
		{E48E47C0-CEED-4ABB-BFAE-1953DEEE0C04}.Release|x64.Build.0 = Release|Any CPU
		{E48E47C0-CEED-4ABB-BFAE-1953DEEE0C04}.Release|x86.ActiveCfg = Release|Any CPU
		{E48E47C0-CEED-4ABB-BFAE-1953DEEE0C04}.Release|x86.Build.0 = Release|Any CPU
		{5C6D28FA-0D8D-4219-9309-531576F69496}.Debug|Any CPU.ActiveCfg = Debug|Any CPU
		{5C6D28FA-0D8D-4219-9309-531576F69496}.Debug|Any CPU.Build.0 = Debug|Any CPU
		{5C6D28FA-0D8D-4219-9309-531576F69496}.Debug|x64.ActiveCfg = Debug|Any CPU
		{5C6D28FA-0D8D-4219-9309-531576F69496}.Debug|x64.Build.0 = Debug|Any CPU
		{5C6D28FA-0D8D-4219-9309-531576F69496}.Debug|x86.ActiveCfg = Debug|Any CPU
		{5C6D28FA-0D8D-4219-9309-531576F69496}.Debug|x86.Build.0 = Debug|Any CPU
		{5C6D28FA-0D8D-4219-9309-531576F69496}.Release|Any CPU.ActiveCfg = Release|Any CPU
		{5C6D28FA-0D8D-4219-9309-531576F69496}.Release|Any CPU.Build.0 = Release|Any CPU
		{5C6D28FA-0D8D-4219-9309-531576F69496}.Release|x64.ActiveCfg = Release|Any CPU
		{5C6D28FA-0D8D-4219-9309-531576F69496}.Release|x64.Build.0 = Release|Any CPU
		{5C6D28FA-0D8D-4219-9309-531576F69496}.Release|x86.ActiveCfg = Release|Any CPU
		{5C6D28FA-0D8D-4219-9309-531576F69496}.Release|x86.Build.0 = Release|Any CPU
		{43F220C0-F61B-49E9-8066-937D5C9A5059}.Debug|Any CPU.ActiveCfg = Debug|Any CPU
		{43F220C0-F61B-49E9-8066-937D5C9A5059}.Debug|Any CPU.Build.0 = Debug|Any CPU
		{43F220C0-F61B-49E9-8066-937D5C9A5059}.Debug|x64.ActiveCfg = Debug|Any CPU
		{43F220C0-F61B-49E9-8066-937D5C9A5059}.Debug|x64.Build.0 = Debug|Any CPU
		{43F220C0-F61B-49E9-8066-937D5C9A5059}.Debug|x86.ActiveCfg = Debug|Any CPU
		{43F220C0-F61B-49E9-8066-937D5C9A5059}.Debug|x86.Build.0 = Debug|Any CPU
		{43F220C0-F61B-49E9-8066-937D5C9A5059}.Release|Any CPU.ActiveCfg = Release|Any CPU
		{43F220C0-F61B-49E9-8066-937D5C9A5059}.Release|Any CPU.Build.0 = Release|Any CPU
		{43F220C0-F61B-49E9-8066-937D5C9A5059}.Release|x64.ActiveCfg = Release|Any CPU
		{43F220C0-F61B-49E9-8066-937D5C9A5059}.Release|x64.Build.0 = Release|Any CPU
		{43F220C0-F61B-49E9-8066-937D5C9A5059}.Release|x86.ActiveCfg = Release|Any CPU
		{43F220C0-F61B-49E9-8066-937D5C9A5059}.Release|x86.Build.0 = Release|Any CPU
		{086AB774-4690-4381-B206-09C98B126DF2}.Debug|Any CPU.ActiveCfg = Debug|Any CPU
		{086AB774-4690-4381-B206-09C98B126DF2}.Debug|Any CPU.Build.0 = Debug|Any CPU
		{086AB774-4690-4381-B206-09C98B126DF2}.Debug|x64.ActiveCfg = Debug|Any CPU
		{086AB774-4690-4381-B206-09C98B126DF2}.Debug|x64.Build.0 = Debug|Any CPU
		{086AB774-4690-4381-B206-09C98B126DF2}.Debug|x86.ActiveCfg = Debug|Any CPU
		{086AB774-4690-4381-B206-09C98B126DF2}.Debug|x86.Build.0 = Debug|Any CPU
		{086AB774-4690-4381-B206-09C98B126DF2}.Release|Any CPU.ActiveCfg = Release|Any CPU
		{086AB774-4690-4381-B206-09C98B126DF2}.Release|Any CPU.Build.0 = Release|Any CPU
		{086AB774-4690-4381-B206-09C98B126DF2}.Release|x64.ActiveCfg = Release|Any CPU
		{086AB774-4690-4381-B206-09C98B126DF2}.Release|x64.Build.0 = Release|Any CPU
		{086AB774-4690-4381-B206-09C98B126DF2}.Release|x86.ActiveCfg = Release|Any CPU
		{086AB774-4690-4381-B206-09C98B126DF2}.Release|x86.Build.0 = Release|Any CPU
		{171F14B5-6E90-4C95-AC0A-C46BC8595B14}.Debug|Any CPU.ActiveCfg = Debug|Any CPU
		{171F14B5-6E90-4C95-AC0A-C46BC8595B14}.Debug|Any CPU.Build.0 = Debug|Any CPU
		{171F14B5-6E90-4C95-AC0A-C46BC8595B14}.Debug|x64.ActiveCfg = Debug|Any CPU
		{171F14B5-6E90-4C95-AC0A-C46BC8595B14}.Debug|x64.Build.0 = Debug|Any CPU
		{171F14B5-6E90-4C95-AC0A-C46BC8595B14}.Debug|x86.ActiveCfg = Debug|Any CPU
		{171F14B5-6E90-4C95-AC0A-C46BC8595B14}.Debug|x86.Build.0 = Debug|Any CPU
		{171F14B5-6E90-4C95-AC0A-C46BC8595B14}.Release|Any CPU.ActiveCfg = Release|Any CPU
		{171F14B5-6E90-4C95-AC0A-C46BC8595B14}.Release|Any CPU.Build.0 = Release|Any CPU
		{171F14B5-6E90-4C95-AC0A-C46BC8595B14}.Release|x64.ActiveCfg = Release|Any CPU
		{171F14B5-6E90-4C95-AC0A-C46BC8595B14}.Release|x64.Build.0 = Release|Any CPU
		{171F14B5-6E90-4C95-AC0A-C46BC8595B14}.Release|x86.ActiveCfg = Release|Any CPU
		{171F14B5-6E90-4C95-AC0A-C46BC8595B14}.Release|x86.Build.0 = Release|Any CPU
		{6EBA7EAD-1780-41C8-8253-1F7358A3D0F2}.Debug|Any CPU.ActiveCfg = Debug|Any CPU
		{6EBA7EAD-1780-41C8-8253-1F7358A3D0F2}.Debug|Any CPU.Build.0 = Debug|Any CPU
		{6EBA7EAD-1780-41C8-8253-1F7358A3D0F2}.Debug|x64.ActiveCfg = Debug|Any CPU
		{6EBA7EAD-1780-41C8-8253-1F7358A3D0F2}.Debug|x64.Build.0 = Debug|Any CPU
		{6EBA7EAD-1780-41C8-8253-1F7358A3D0F2}.Debug|x86.ActiveCfg = Debug|Any CPU
		{6EBA7EAD-1780-41C8-8253-1F7358A3D0F2}.Debug|x86.Build.0 = Debug|Any CPU
		{6EBA7EAD-1780-41C8-8253-1F7358A3D0F2}.Release|Any CPU.ActiveCfg = Release|Any CPU
		{6EBA7EAD-1780-41C8-8253-1F7358A3D0F2}.Release|Any CPU.Build.0 = Release|Any CPU
		{6EBA7EAD-1780-41C8-8253-1F7358A3D0F2}.Release|x64.ActiveCfg = Release|Any CPU
		{6EBA7EAD-1780-41C8-8253-1F7358A3D0F2}.Release|x64.Build.0 = Release|Any CPU
		{6EBA7EAD-1780-41C8-8253-1F7358A3D0F2}.Release|x86.ActiveCfg = Release|Any CPU
		{6EBA7EAD-1780-41C8-8253-1F7358A3D0F2}.Release|x86.Build.0 = Release|Any CPU
		{107541D9-9D75-4CE9-B373-441DFD094F7C}.Debug|Any CPU.ActiveCfg = Debug|Any CPU
		{107541D9-9D75-4CE9-B373-441DFD094F7C}.Debug|Any CPU.Build.0 = Debug|Any CPU
		{107541D9-9D75-4CE9-B373-441DFD094F7C}.Debug|x64.ActiveCfg = Debug|Any CPU
		{107541D9-9D75-4CE9-B373-441DFD094F7C}.Debug|x64.Build.0 = Debug|Any CPU
		{107541D9-9D75-4CE9-B373-441DFD094F7C}.Debug|x86.ActiveCfg = Debug|Any CPU
		{107541D9-9D75-4CE9-B373-441DFD094F7C}.Debug|x86.Build.0 = Debug|Any CPU
		{107541D9-9D75-4CE9-B373-441DFD094F7C}.Release|Any CPU.ActiveCfg = Release|Any CPU
		{107541D9-9D75-4CE9-B373-441DFD094F7C}.Release|Any CPU.Build.0 = Release|Any CPU
		{107541D9-9D75-4CE9-B373-441DFD094F7C}.Release|x64.ActiveCfg = Release|Any CPU
		{107541D9-9D75-4CE9-B373-441DFD094F7C}.Release|x64.Build.0 = Release|Any CPU
		{107541D9-9D75-4CE9-B373-441DFD094F7C}.Release|x86.ActiveCfg = Release|Any CPU
		{107541D9-9D75-4CE9-B373-441DFD094F7C}.Release|x86.Build.0 = Release|Any CPU
		{1C642FCD-09F3-43FE-96AD-37FA0EA81B6F}.Debug|Any CPU.ActiveCfg = Debug|Any CPU
		{1C642FCD-09F3-43FE-96AD-37FA0EA81B6F}.Debug|Any CPU.Build.0 = Debug|Any CPU
		{1C642FCD-09F3-43FE-96AD-37FA0EA81B6F}.Debug|x64.ActiveCfg = Debug|Any CPU
		{1C642FCD-09F3-43FE-96AD-37FA0EA81B6F}.Debug|x64.Build.0 = Debug|Any CPU
		{1C642FCD-09F3-43FE-96AD-37FA0EA81B6F}.Debug|x86.ActiveCfg = Debug|Any CPU
		{1C642FCD-09F3-43FE-96AD-37FA0EA81B6F}.Debug|x86.Build.0 = Debug|Any CPU
		{1C642FCD-09F3-43FE-96AD-37FA0EA81B6F}.Release|Any CPU.ActiveCfg = Release|Any CPU
		{1C642FCD-09F3-43FE-96AD-37FA0EA81B6F}.Release|Any CPU.Build.0 = Release|Any CPU
		{1C642FCD-09F3-43FE-96AD-37FA0EA81B6F}.Release|x64.ActiveCfg = Release|Any CPU
		{1C642FCD-09F3-43FE-96AD-37FA0EA81B6F}.Release|x64.Build.0 = Release|Any CPU
		{1C642FCD-09F3-43FE-96AD-37FA0EA81B6F}.Release|x86.ActiveCfg = Release|Any CPU
		{1C642FCD-09F3-43FE-96AD-37FA0EA81B6F}.Release|x86.Build.0 = Release|Any CPU
		{D1DEC0E4-CDCC-4DD5-AFF5-45D2F90EF6CE}.Debug|Any CPU.ActiveCfg = Debug|Any CPU
		{D1DEC0E4-CDCC-4DD5-AFF5-45D2F90EF6CE}.Debug|Any CPU.Build.0 = Debug|Any CPU
		{D1DEC0E4-CDCC-4DD5-AFF5-45D2F90EF6CE}.Debug|x64.ActiveCfg = Debug|Any CPU
		{D1DEC0E4-CDCC-4DD5-AFF5-45D2F90EF6CE}.Debug|x64.Build.0 = Debug|Any CPU
		{D1DEC0E4-CDCC-4DD5-AFF5-45D2F90EF6CE}.Debug|x86.ActiveCfg = Debug|Any CPU
		{D1DEC0E4-CDCC-4DD5-AFF5-45D2F90EF6CE}.Debug|x86.Build.0 = Debug|Any CPU
		{D1DEC0E4-CDCC-4DD5-AFF5-45D2F90EF6CE}.Release|Any CPU.ActiveCfg = Release|Any CPU
		{D1DEC0E4-CDCC-4DD5-AFF5-45D2F90EF6CE}.Release|Any CPU.Build.0 = Release|Any CPU
		{D1DEC0E4-CDCC-4DD5-AFF5-45D2F90EF6CE}.Release|x64.ActiveCfg = Release|Any CPU
		{D1DEC0E4-CDCC-4DD5-AFF5-45D2F90EF6CE}.Release|x64.Build.0 = Release|Any CPU
		{D1DEC0E4-CDCC-4DD5-AFF5-45D2F90EF6CE}.Release|x86.ActiveCfg = Release|Any CPU
		{D1DEC0E4-CDCC-4DD5-AFF5-45D2F90EF6CE}.Release|x86.Build.0 = Release|Any CPU
		{8C22D7CF-EACC-4F06-9663-74087F55E20D}.Debug|Any CPU.ActiveCfg = Debug|Any CPU
		{8C22D7CF-EACC-4F06-9663-74087F55E20D}.Debug|Any CPU.Build.0 = Debug|Any CPU
		{8C22D7CF-EACC-4F06-9663-74087F55E20D}.Debug|x64.ActiveCfg = Debug|Any CPU
		{8C22D7CF-EACC-4F06-9663-74087F55E20D}.Debug|x64.Build.0 = Debug|Any CPU
		{8C22D7CF-EACC-4F06-9663-74087F55E20D}.Debug|x86.ActiveCfg = Debug|Any CPU
		{8C22D7CF-EACC-4F06-9663-74087F55E20D}.Debug|x86.Build.0 = Debug|Any CPU
		{8C22D7CF-EACC-4F06-9663-74087F55E20D}.Release|Any CPU.ActiveCfg = Release|Any CPU
		{8C22D7CF-EACC-4F06-9663-74087F55E20D}.Release|Any CPU.Build.0 = Release|Any CPU
		{8C22D7CF-EACC-4F06-9663-74087F55E20D}.Release|x64.ActiveCfg = Release|Any CPU
		{8C22D7CF-EACC-4F06-9663-74087F55E20D}.Release|x64.Build.0 = Release|Any CPU
		{8C22D7CF-EACC-4F06-9663-74087F55E20D}.Release|x86.ActiveCfg = Release|Any CPU
		{8C22D7CF-EACC-4F06-9663-74087F55E20D}.Release|x86.Build.0 = Release|Any CPU
	EndGlobalSection
	GlobalSection(SolutionProperties) = preSolution
		HideSolutionNode = FALSE
	EndGlobalSection
	GlobalSection(NestedProjects) = preSolution
		{3BDD8B87-8429-44FC-ACE0-F79322A65CF1} = {827E0CD3-B72D-47B6-A68D-7590B98EB39B}
		{7B7BAC7A-AB66-4C6B-B46B-5B291388279A} = {827E0CD3-B72D-47B6-A68D-7590B98EB39B}
		{C8FB905E-1D9D-40F3-82BD-16641A9134B5} = {827E0CD3-B72D-47B6-A68D-7590B98EB39B}
		{D0E7ED00-D329-A4D4-85FE-857AC591F3D9} = {827E0CD3-B72D-47B6-A68D-7590B98EB39B}
		{39B03C23-7059-434C-8193-9FDAC5D5A5FE} = {D0E7ED00-D329-A4D4-85FE-857AC591F3D9}
		{580EFC0A-2146-493D-84F1-504CE41FC6EB} = {D0E7ED00-D329-A4D4-85FE-857AC591F3D9}
		{09624AA0-3922-40FD-9A7B-903FB47C8526} = {D0E7ED00-D329-A4D4-85FE-857AC591F3D9}
		{316DD5E7-64B2-47A0-BA86-B282F19FDE01} = {D0E7ED00-D329-A4D4-85FE-857AC591F3D9}
		{E48E47C0-CEED-4ABB-BFAE-1953DEEE0C04} = {D0E7ED00-D329-A4D4-85FE-857AC591F3D9}
		{5C6D28FA-0D8D-4219-9309-531576F69496} = {D0E7ED00-D329-A4D4-85FE-857AC591F3D9}
		{43F220C0-F61B-49E9-8066-937D5C9A5059} = {D0E7ED00-D329-A4D4-85FE-857AC591F3D9}
		{086AB774-4690-4381-B206-09C98B126DF2} = {D0E7ED00-D329-A4D4-85FE-857AC591F3D9}
		{171F14B5-6E90-4C95-AC0A-C46BC8595B14} = {827E0CD3-B72D-47B6-A68D-7590B98EB39B}
		{6EBA7EAD-1780-41C8-8253-1F7358A3D0F2} = {0AB3BF05-4346-4AA6-1389-037BE0695223}
		{107541D9-9D75-4CE9-B373-441DFD094F7C} = {0AB3BF05-4346-4AA6-1389-037BE0695223}
		{1C642FCD-09F3-43FE-96AD-37FA0EA81B6F} = {0AB3BF05-4346-4AA6-1389-037BE0695223}
		{D1DEC0E4-CDCC-4DD5-AFF5-45D2F90EF6CE} = {0AB3BF05-4346-4AA6-1389-037BE0695223}
		{8C22D7CF-EACC-4F06-9663-74087F55E20D} = {0AB3BF05-4346-4AA6-1389-037BE0695223}
	EndGlobalSection
EndGlobal
